
Microsoft Visual Studio Solution File, Format Version 12.00
# Visual Studio Version 17
VisualStudioVersion = 17.13.35825.156
MinimumVisualStudioVersion = 10.0.40219.1
Project("{FAE04EC0-301F-11D3-BF4B-00C04F79EFBC}") = "HealthSystem", "HealthSystem\HealthSystem.csproj", "{AAE67D7E-9AF1-4516-A35D-D87BC0841403}"
EndProject
Project("{FAE04EC0-301F-11D3-BF4B-00C04F79EFBC}") = "HealthSystemTest", "HealthSystemTest\HealthSystemTest.csproj", "{4D67C09C-32FB-4824-99B7-87E6BE119398}"
EndProject
Global
	GlobalSection(SolutionConfigurationPlatforms) = preSolution
		Debug|Any CPU = Debug|Any CPU
		Release|Any CPU = Release|Any CPU
	EndGlobalSection
	GlobalSection(ProjectConfigurationPlatforms) = postSolution
		{AAE67D7E-9AF1-4516-A35D-D87BC0841403}.Debug|Any CPU.ActiveCfg = Debug|Any CPU
		{AAE67D7E-9AF1-4516-A35D-D87BC0841403}.Debug|Any CPU.Build.0 = Debug|Any CPU
		{AAE67D7E-9AF1-4516-A35D-D87BC0841403}.Release|Any CPU.ActiveCfg = Release|Any CPU
		{AAE67D7E-9AF1-4516-A35D-D87BC0841403}.Release|Any CPU.Build.0 = Release|Any CPU
		{4D67C09C-32FB-4824-99B7-87E6BE119398}.Debug|Any CPU.ActiveCfg = Debug|Any CPU
		{4D67C09C-32FB-4824-99B7-87E6BE119398}.Debug|Any CPU.Build.0 = Debug|Any CPU
		{4D67C09C-32FB-4824-99B7-87E6BE119398}.Release|Any CPU.ActiveCfg = Release|Any CPU
		{4D67C09C-32FB-4824-99B7-87E6BE119398}.Release|Any CPU.Build.0 = Release|Any CPU
	EndGlobalSection
	GlobalSection(SolutionProperties) = preSolution
		HideSolutionNode = FALSE
	EndGlobalSection
	GlobalSection(ExtensibilityGlobals) = postSolution
		SolutionGuid = {372BFB71-57DC-47F2-9674-4BB333491CE7}
	EndGlobalSection
EndGlobal
